
Microsoft Visual Studio Solution File, Format Version 12.00
# Visual Studio Version 17
VisualStudioVersion = 17.9.34728.123
MinimumVisualStudioVersion = 10.0.40219.1
Project("{9A19103F-16F7-4668-BE54-9A1E7A4F7556}") = "Barbershop", "Barbershop\Barbershop.csproj", "{11BC23EA-759F-474B-8D0A-250925BCB606}"
EndProject
Global
	GlobalSection(SolutionConfigurationPlatforms) = preSolution
		Debug|Any CPU = Debug|Any CPU
		Release|Any CPU = Release|Any CPU
	EndGlobalSection
	GlobalSection(ProjectConfigurationPlatforms) = postSolution
		{11BC23EA-759F-474B-8D0A-250925BCB606}.Debug|Any CPU.ActiveCfg = Debug|Any CPU
		{11BC23EA-759F-474B-8D0A-250925BCB606}.Debug|Any CPU.Build.0 = Debug|Any CPU
		{11BC23EA-759F-474B-8D0A-250925BCB606}.Release|Any CPU.ActiveCfg = Release|Any CPU
		{11BC23EA-759F-474B-8D0A-250925BCB606}.Release|Any CPU.Build.0 = Release|Any CPU
	EndGlobalSection
	GlobalSection(SolutionProperties) = preSolution
		HideSolutionNode = FALSE
	EndGlobalSection
	GlobalSection(ExtensibilityGlobals) = postSolution
		SolutionGuid = {4CE163AB-00F6-4CBE-A6F2-02FC0702C895}
	EndGlobalSection
EndGlobal
